{
  "nodes": {
    "nix-filter": {
      "locked": {
        "lastModified": 1693833173,
        "narHash": "sha256-hlMABKrGbEiJD5dwUSfnw1CQ3bG7KKwDV+Nx3bEZd7U=",
        "owner": "numtide",
        "repo": "nix-filter",
        "rev": "ac030bd9ba98e318e1f4c4328d60766ade8ebe8b",
        "type": "github"
      },
      "original": {
        "owner": "numtide",
        "repo": "nix-filter",
        "type": "github"
      }
    },
    "nixpkgs": {
      "locked": {
        "lastModified": 1693377291,
        "narHash": "sha256-vYGY9bnqEeIncNarDZYhm6KdLKgXMS+HA2mTRaWEc80=",
        "owner": "NixOS",
        "repo": "nixpkgs",
        "rev": "e7f38be3775bab9659575f192ece011c033655f0",
        "type": "github"
      },
      "original": {
        "owner": "NixOS",
        "ref": "nixos-unstable",
        "repo": "nixpkgs",
        "type": "github"
      }
    },
    "root": {
      "inputs": {
        "nix-filter": "nix-filter",
        "nixpkgs": "nixpkgs"
      }
    }
  },
  "root": "root",
  "version": 7
}
